<?xml version="1.0" encoding="utf-8"?>
<Project ToolsVersion="4.0" xmlns="http://schemas.microsoft.com/developer/msbuild/2003">
  <ItemGroup>
    <Filter Include="Archivos de encabezado">
      <UniqueIdentifier>{93995380-89BD-4b04-88EB-625FBE52EBFB}</UniqueIdentifier>
      <Extensions>h;hh;hpp;hxx;h++;hm;inl;inc;ipp;xsd</Extensions>
    </Filter>
    <Filter Include="Archivos de recursos">
      <UniqueIdentifier>{67DA6AB6-F800-4c08-8B7A-83BB121AAD01}</UniqueIdentifier>
      <Extensions>rc;ico;cur;bmp;dlg;rc2;rct;bin;rgs;gif;jpg;jpeg;jpe;resx;tiff;tif;png;wav;mfcribbon-ms</Extensions>
    </Filter>
    <Filter Include="Archivos de origen">
      <UniqueIdentifier>{4FC737F1-C7A5-4376-A066-2A32D752A2FF}</UniqueIdentifier>
      <Extensions>cpp;c;cc;cxx;c++;cppm;ixx;def;odl;idl;hpj;bat;asm;asmx</Extensions>
    </Filter>
    <Filter Include="Archivos de recursos\Utils">
      <UniqueIdentifier>{4dd65b12-c60a-49a1-8cc8-9714542a80ee}</UniqueIdentifier>
    </Filter>
    <Filter Include="Archivos de encabezado\Utils">
      <UniqueIdentifier>{4681d72d-51be-46d8-b4f2-b8a7023f8013}</UniqueIdentifier>
    </Filter>
    <Filter Include="Archivos de recursos\ConnectionManager">
      <UniqueIdentifier>{ee22f342-5622-498f-9ba6-5318d7352953}</UniqueIdentifier>
    </Filter>
    <Filter Include="Archivos de encabezado\ConnectionManager">
      <UniqueIdentifier>{dd67662f-f74f-457c-ad12-1eaf50374c70}</UniqueIdentifier>
    </Filter>
  </ItemGroup>
  <ItemGroup>
    <ClInclude Include="include\base58.h">
      <Filter>Archivos de encabezado\Utils</Filter>
    </ClInclude>
    <ClInclude Include="include\base64.h">
      <Filter>Archivos de encabezado\Utils</Filter>
    </ClInclude>
    <ClInclude Include="include\ripemd160.h">
      <Filter>Archivos de encabezado\Utils</Filter>
    </ClInclude>
    <ClInclude Include="include\sha256.h">
      <Filter>Archivos de encabezado\Utils</Filter>
    </ClInclude>
    <ClInclude Include="include\Utils.h">
      <Filter>Archivos de encabezado\Utils</Filter>
    </ClInclude>
    <ClInclude Include="include\Block.h">
      <Filter>Archivos de encabezado</Filter>
    </ClInclude>
    <ClInclude Include="include\Wallet.h">
      <Filter>Archivos de encabezado</Filter>
    </ClInclude>
    <ClInclude Include="include\Coin.h">
      <Filter>Archivos de encabezado</Filter>
    </ClInclude>
    <ClInclude Include="include\Transaction.h">
      <Filter>Archivos de encabezado</Filter>
    </ClInclude>
    <ClInclude Include="ConnectionManager\include\Client.h">
      <Filter>Archivos de encabezado\ConnectionManager</Filter>
    </ClInclude>
    <ClInclude Include="ConnectionManager\include\ConnectionManager.h">
      <Filter>Archivos de encabezado\ConnectionManager</Filter>
    </ClInclude>
    <ClInclude Include="ConnectionManager\include\Server.h">
      <Filter>Archivos de encabezado\ConnectionManager</Filter>
    </ClInclude>
    <ClInclude Include="ConnectionManager\include\base.h">
      <Filter>Archivos de encabezado\ConnectionManager</Filter>
    </ClInclude>
  </ItemGroup>
  <ItemGroup>
    <ClCompile Include="src\main.cpp">
      <Filter>Archivos de origen</Filter>
    </ClCompile>
    <ClCompile Include="src\Block.cpp">
      <Filter>Archivos de recursos</Filter>
    </ClCompile>
    <ClCompile Include="src\Coin.cpp">
      <Filter>Archivos de recursos</Filter>
    </ClCompile>
    <ClCompile Include="src\Transaction.cpp">
      <Filter>Archivos de recursos</Filter>
    </ClCompile>
    <ClCompile Include="src\Wallet.cpp">
      <Filter>Archivos de recursos</Filter>
    </ClCompile>
    <ClCompile Include="src\base64.cpp">
      <Filter>Archivos de recursos\Utils</Filter>
    </ClCompile>
    <ClCompile Include="src\sha256.cpp">
      <Filter>Archivos de recursos\Utils</Filter>
    </ClCompile>
    <ClCompile Include="src\Utils.cpp">
      <Filter>Archivos de recursos\Utils</Filter>
    </ClCompile>
    <ClCompile Include="ConnectionManager\src\Client.cpp">
      <Filter>Archivos de recursos\ConnectionManager</Filter>
    </ClCompile>
    <ClCompile Include="ConnectionManager\src\ConnectionManager.cpp">
      <Filter>Archivos de recursos\ConnectionManager</Filter>
    </ClCompile>
    <ClCompile Include="ConnectionManager\src\base.cpp">
      <Filter>Archivos de recursos\ConnectionManager</Filter>
    </ClCompile>
    <ClCompile Include="ConnectionManager\src\Server.cpp">
      <Filter>Archivos de recursos\ConnectionManager</Filter>
    </ClCompile>
    <ClCompile Include="src\base58.cpp">
      <Filter>Archivos de recursos\Utils</Filter>
    </ClCompile>
  </ItemGroup>
</Project>